{
  "name": "sdop-discord",
  "version": "1.0.2",
  "lockfileVersion": 1,
  "requires": true,
  "dependencies": {
    "dedent-js": {
      "version": "1.0.1",
      "resolved": "https://registry.npmjs.org/dedent-js/-/dedent-js-1.0.1.tgz",
      "integrity": "sha1-vuX7fJ5yfYXf+iRZDRDsGrElUwU="
    },
    "nicepattern": {
      "version": "1.0.4",
      "resolved": "https://registry.npmjs.org/nicepattern/-/nicepattern-1.0.4.tgz",
      "integrity": "sha512-mKtEi9P3ylZ8aE/+XDzRpBYaf3X4y4Nt4O+lSPlOsANod/ijnNLK+gK6PrY2++sveWKyHZMe+iH1a2DpFXeSRA==",
      "requires": {
        "dedent-js": "^1.0.1"
      }
    },
    "sdop": {
      "version": "1.0.2",
      "resolved": "https://registry.npmjs.org/sdop/-/sdop-1.0.2.tgz",
      "integrity": "sha512-YWazQBLBFzwVxyL6dhmKML7d4UM7DER69bNNHYlQoN3+U3GzeHKUdcUMiaWQrC/0yHCa91Knwt9/xlSIzBinuw==",
      "requires": {
        "nicepattern": "^1.0.3"
      }
    }
  }
}
